
Microsoft Visual Studio Solution File, Format Version 12.00
# Visual Studio Version 16
VisualStudioVersion = 16.0.30717.126
MinimumVisualStudioVersion = 10.0.40219.1
Project("{FAE04EC0-301F-11D3-BF4B-00C04F79EFBC}") = "CourseWork", "CourseWork.csproj", "{C16C6D95-FD8A-4507-B529-92F194CEE20B}"
EndProject
Global
	GlobalSection(SolutionConfigurationPlatforms) = preSolution
		Debug|Any CPU = Debug|Any CPU
		Release|Any CPU = Release|Any CPU
	EndGlobalSection
	GlobalSection(ProjectConfigurationPlatforms) = postSolution
		{C16C6D95-FD8A-4507-B529-92F194CEE20B}.Debug|Any CPU.ActiveCfg = Debug|Any CPU
		{C16C6D95-FD8A-4507-B529-92F194CEE20B}.Debug|Any CPU.Build.0 = Debug|Any CPU
		{C16C6D95-FD8A-4507-B529-92F194CEE20B}.Release|Any CPU.ActiveCfg = Release|Any CPU
		{C16C6D95-FD8A-4507-B529-92F194CEE20B}.Release|Any CPU.Build.0 = Release|Any CPU
	EndGlobalSection
	GlobalSection(SolutionProperties) = preSolution
		HideSolutionNode = FALSE
	EndGlobalSection
	GlobalSection(ExtensibilityGlobals) = postSolution
		SolutionGuid = {5C05A245-A7B8-4D8D-A20D-EFFF3B649C82}
	EndGlobalSection
EndGlobal
